// !$*UTF8*$!
{
	archiveVersion = 1;
	classes = {
	};
	objectVersion = 46;
	objects = {

/* Begin PBXBuildFile section */
		13EFCF2E1B96010C00C891D4 /* AppDelegate.swift in Sources */ = {isa = PBXBuildFile; fileRef = 13EFCF2D1B96010C00C891D4 /* AppDelegate.swift */; };
		13EFCF301B96010C00C891D4 /* ViewController.swift in Sources */ = {isa = PBXBuildFile; fileRef = 13EFCF2F1B96010C00C891D4 /* ViewController.swift */; };
		13EFCF331B96010C00C891D4 /* Main.storyboard in Resources */ = {isa = PBXBuildFile; fileRef = 13EFCF311B96010C00C891D4 /* Main.storyboard */; };
		13EFCF351B96010C00C891D4 /* Images.xcassets in Resources */ = {isa = PBXBuildFile; fileRef = 13EFCF341B96010C00C891D4 /* Images.xcassets */; };
		13EFCF381B96010C00C891D4 /* LaunchScreen.xib in Resources */ = {isa = PBXBuildFile; fileRef = 13EFCF361B96010C00C891D4 /* LaunchScreen.xib */; };
		13EFCF441B96010C00C891D4 /* DaliTests.swift in Sources */ = {isa = PBXBuildFile; fileRef = 13EFCF431B96010C00C891D4 /* DaliTests.swift */; };
/* End PBXBuildFile section */

/* Begin PBXContainerItemProxy section */
		13EFCF3E1B96010C00C891D4 /* PBXContainerItemProxy */ = {
			isa = PBXContainerItemProxy;
			containerPortal = 13EFCF201B96010C00C891D4 /* Project object */;
			proxyType = 1;
			remoteGlobalIDString = 13EFCF271B96010C00C891D4;
			remoteInfo = Dali;
		};
/* End PBXContainerItemProxy section */

/* Begin PBXFileReference section */
		13EFCF281B96010C00C891D4 /* Dali.app */ = {isa = PBXFileReference; explicitFileType = wrapper.application; includeInIndex = 0; path = Dali.app; sourceTree = BUILT_PRODUCTS_DIR; };
		13EFCF2C1B96010C00C891D4 /* Info.plist */ = {isa = PBXFileReference; lastKnownFileType = text.plist.xml; path = Info.plist; sourceTree = "<group>"; };
		13EFCF2D1B96010C00C891D4 /* AppDelegate.swift */ = {isa = PBXFileReference; lastKnownFileType = sourcecode.swift; path = AppDelegate.swift; sourceTree = "<group>"; };
		13EFCF2F1B96010C00C891D4 /* ViewController.swift */ = {isa = PBXFileReference; lastKnownFileType = sourcecode.swift; path = ViewController.swift; sourceTree = "<group>"; };
		13EFCF321B96010C00C891D4 /* Base */ = {isa = PBXFileReference; lastKnownFileType = file.storyboard; name = Base; path = Base.lproj/Main.storyboard; sourceTree = "<group>"; };
		13EFCF341B96010C00C891D4 /* Images.xcassets */ = {isa = PBXFileReference; lastKnownFileType = folder.assetcatalog; path = Images.xcassets; sourceTree = "<group>"; };
		13EFCF371B96010C00C891D4 /* Base */ = {isa = PBXFileReference; lastKnownFileType = file.xib; name = Base; path = Base.lproj/LaunchScreen.xib; sourceTree = "<group>"; };
		13EFCF3D1B96010C00C891D4 /* DaliTests.xctest */ = {isa = PBXFileReference; explicitFileType = wrapper.cfbundle; includeInIndex = 0; path = DaliTests.xctest; sourceTree = BUILT_PRODUCTS_DIR; };
		13EFCF421B96010C00C891D4 /* Info.plist */ = {isa = PBXFileReference; lastKnownFileType = text.plist.xml; path = Info.plist; sourceTree = "<group>"; };
		13EFCF431B96010C00C891D4 /* DaliTests.swift */ = {isa = PBXFileReference; lastKnownFileType = sourcecode.swift; path = DaliTests.swift; sourceTree = "<group>"; };
/* End PBXFileReference section */

/* Begin PBXFrameworksBuildPhase section */
		13EFCF251B96010C00C891D4 /* Frameworks */ = {
			isa = PBXFrameworksBuildPhase;
			buildActionMask = 2147483647;
			files = (
			);
			runOnlyForDeploymentPostprocessing = 0;
		};
		13EFCF3A1B96010C00C891D4 /* Frameworks */ = {
			isa = PBXFrameworksBuildPhase;
			buildActionMask = 2147483647;
			files = (
			);
			runOnlyForDeploymentPostprocessing = 0;
		};
/* End PBXFrameworksBuildPhase section */

/* Begin PBXGroup section */
		13EFCF1F1B96010C00C891D4 = {
			isa = PBXGroup;
			children = (
				13EFCF2A1B96010C00C891D4 /* Dali */,
				13EFCF401B96010C00C891D4 /* DaliTests */,
				13EFCF291B96010C00C891D4 /* Products */,
			);
			sourceTree = "<group>";
		};
		13EFCF291B96010C00C891D4 /* Products */ = {
			isa = PBXGroup;
			children = (
				13EFCF281B96010C00C891D4 /* Dali.app */,
				13EFCF3D1B96010C00C891D4 /* DaliTests.xctest */,
			);
			name = Products;
			sourceTree = "<group>";
		};
		13EFCF2A1B96010C00C891D4 /* Dali */ = {
			isa = PBXGroup;
			children = (
				13EFCF2D1B96010C00C891D4 /* AppDelegate.swift */,
				13EFCF2F1B96010C00C891D4 /* ViewController.swift */,
				13EFCF311B96010C00C891D4 /* Main.storyboard */,
				13EFCF341B96010C00C891D4 /* Images.xcassets */,
				13EFCF361B96010C00C891D4 /* LaunchScreen.xib */,
				13EFCF2B1B96010C00C891D4 /* Supporting Files */,
			);
			path = Dali;
			sourceTree = "<group>";
		};
		13EFCF2B1B96010C00C891D4 /* Supporting Files */ = {
			isa = PBXGroup;
			children = (
				13EFCF2C1B96010C00C891D4 /* Info.plist */,
			);
			name = "Supporting Files";
			sourceTree = "<group>";
		};
		13EFCF401B96010C00C891D4 /* DaliTests */ = {
			isa = PBXGroup;
			children = (
				13EFCF431B96010C00C891D4 /* DaliTests.swift */,
				13EFCF411B96010C00C891D4 /* Supporting Files */,
			);
			path = DaliTests;
			sourceTree = "<group>";
		};
		13EFCF411B96010C00C891D4 /* Supporting Files */ = {
			isa = PBXGroup;
			children = (
				13EFCF421B96010C00C891D4 /* Info.plist */,
			);
			name = "Supporting Files";
			sourceTree = "<group>";
		};
/* End PBXGroup section */

/* Begin PBXNativeTarget section */
		13EFCF271B96010C00C891D4 /* Dali */ = {
			isa = PBXNativeTarget;
			buildConfigurationList = 13EFCF471B96010C00C891D4 /* Build configuration list for PBXNativeTarget "Dali" */;
			buildPhases = (
				13EFCF241B96010C00C891D4 /* Sources */,
				13EFCF251B96010C00C891D4 /* Frameworks */,
				13EFCF261B96010C00C891D4 /* Resources */,
			);
			buildRules = (
			);
			dependencies = (
			);
			name = Dali;
			productName = Dali;
			productReference = 13EFCF281B96010C00C891D4 /* Dali.app */;
			productType = "com.apple.product-type.application";
		};
		13EFCF3C1B96010C00C891D4 /* DaliTests */ = {
			isa = PBXNativeTarget;
			buildConfigurationList = 13EFCF4A1B96010C00C891D4 /* Build configuration list for PBXNativeTarget "DaliTests" */;
			buildPhases = (
				13EFCF391B96010C00C891D4 /* Sources */,
				13EFCF3A1B96010C00C891D4 /* Frameworks */,
				13EFCF3B1B96010C00C891D4 /* Resources */,
			);
			buildRules = (
			);
			dependencies = (
				13EFCF3F1B96010C00C891D4 /* PBXTargetDependency */,
			);
			name = DaliTests;
			productName = DaliTests;
			productReference = 13EFCF3D1B96010C00C891D4 /* DaliTests.xctest */;
			productType = "com.apple.product-type.bundle.unit-test";
		};
/* End PBXNativeTarget section */

/* Begin PBXProject section */
		13EFCF201B96010C00C891D4 /* Project object */ = {
			isa = PBXProject;
			attributes = {
				LastUpgradeCheck = 0640;
				ORGANIZATIONNAME = "Andrew Linenfelser";
				TargetAttributes = {
					13EFCF271B96010C00C891D4 = {
						CreatedOnToolsVersion = 6.4;
					};
					13EFCF3C1B96010C00C891D4 = {
						CreatedOnToolsVersion = 6.4;
						TestTargetID = 13EFCF271B96010C00C891D4;
					};
				};
			};
			buildConfigurationList = 13EFCF231B96010C00C891D4 /* Build configuration list for PBXProject "Dali" */;
			compatibilityVersion = "Xcode 3.2";
			developmentRegion = English;
			hasScannedForEncodings = 0;
			knownRegions = (
				en,
				Base,
			);
			mainGroup = 13EFCF1F1B96010C00C891D4;
			productRefGroup = 13EFCF291B96010C00C891D4 /* Products */;
			projectDirPath = "";
			projectRoot = "";
			targets = (
				13EFCF271B96010C00C891D4 /* Dali */,
				13EFCF3C1B96010C00C891D4 /* DaliTests */,
			);
		};
/* End PBXProject section */

/* Begin PBXResourcesBuildPhase section */
		13EFCF261B96010C00C891D4 /* Resources */ = {
			isa = PBXResourcesBuildPhase;
			buildActionMask = 2147483647;
			files = (
				13EFCF331B96010C00C891D4 /* Main.storyboard in Resources */,
				13EFCF381B96010C00C891D4 /* LaunchScreen.xib in Resources */,
				13EFCF351B96010C00C891D4 /* Images.xcassets in Resources */,
			);
			runOnlyForDeploymentPostprocessing = 0;
		};
		13EFCF3B1B96010C00C891D4 /* Resources */ = {
			isa = PBXResourcesBuildPhase;
			buildActionMask = 2147483647;
			files = (
			);
			runOnlyForDeploymentPostprocessing = 0;
		};
/* End PBXResourcesBuildPhase section */

/* Begin PBXSourcesBuildPhase section */
		13EFCF241B96010C00C891D4 /* Sources */ = {
			isa = PBXSourcesBuildPhase;
			buildActionMask = 2147483647;
			files = (
				13EFCF301B96010C00C891D4 /* ViewController.swift in Sources */,
				13EFCF2E1B96010C00C891D4 /* AppDelegate.swift in Sources */,
			);
			runOnlyForDeploymentPostprocessing = 0;
		};
		13EFCF391B96010C00C891D4 /* Sources */ = {
			isa = PBXSourcesBuildPhase;
			buildActionMask = 2147483647;
			files = (
				13EFCF441B96010C00C891D4 /* DaliTests.swift in Sources */,
			);
			runOnlyForDeploymentPostprocessing = 0;
		};
/* End PBXSourcesBuildPhase section */

/* Begin PBXTargetDependency section */
		13EFCF3F1B96010C00C891D4 /* PBXTargetDependency */ = {
			isa = PBXTargetDependency;
			target = 13EFCF271B96010C00C891D4 /* Dali */;
			targetProxy = 13EFCF3E1B96010C00C891D4 /* PBXContainerItemProxy */;
		};
/* End PBXTargetDependency section */

/* Begin PBXVariantGroup section */
		13EFCF311B96010C00C891D4 /* Main.storyboard */ = {
			isa = PBXVariantGroup;
			children = (
				13EFCF321B96010C00C891D4 /* Base */,
			);
			name = Main.storyboard;
			sourceTree = "<group>";
		};
		13EFCF361B96010C00C891D4 /* LaunchScreen.xib */ = {
			isa = PBXVariantGroup;
			children = (
				13EFCF371B96010C00C891D4 /* Base */,
			);
			name = LaunchScreen.xib;
			sourceTree = "<group>";
		};
/* End PBXVariantGroup section */

/* Begin XCBuildConfiguration section */
		13EFCF451B96010C00C891D4 /* Debug */ = {
			isa = XCBuildConfiguration;
			buildSettings = {
				ALWAYS_SEARCH_USER_PATHS = NO;
				CLANG_CXX_LANGUAGE_STANDARD = "gnu++0x";
				CLANG_CXX_LIBRARY = "libc++";
				CLANG_ENABLE_MODULES = YES;
				CLANG_ENABLE_OBJC_ARC = YES;
				CLANG_WARN_BOOL_CONVERSION = YES;
				CLANG_WARN_CONSTANT_CONVERSION = YES;
				CLANG_WARN_DIRECT_OBJC_ISA_USAGE = YES_ERROR;
				CLANG_WARN_EMPTY_BODY = YES;
				CLANG_WARN_ENUM_CONVERSION = YES;
				CLANG_WARN_INT_CONVERSION = YES;
				CLANG_WARN_OBJC_ROOT_CLASS = YES_ERROR;
				CLANG_WARN_UNREACHABLE_CODE = YES;
				CLANG_WARN__DUPLICATE_METHOD_MATCH = YES;
				"CODE_SIGN_IDENTITY[sdk=iphoneos*]" = "iPhone Developer";
				COPY_PHASE_STRIP = NO;
				DEBUG_INFORMATION_FORMAT = "dwarf-with-dsym";
				ENABLE_STRICT_OBJC_MSGSEND = YES;
				GCC_C_LANGUAGE_STANDARD = gnu99;
				GCC_DYNAMIC_NO_PIC = NO;
				GCC_NO_COMMON_BLOCKS = YES;
				GCC_OPTIMIZATION_LEVEL = 0;
				GCC_PREPROCESSOR_DEFINITIONS = (
					"DEBUG=1",
					"$(inherited)",
				);
				GCC_SYMBOLS_PRIVATE_EXTERN = NO;
				GCC_WARN_64_TO_32_BIT_CONVERSION = YES;
				GCC_WARN_ABOUT_RETURN_TYPE = YES_ERROR;
				GCC_WARN_UNDECLARED_SELECTOR = YES;
				GCC_WARN_UNINITIALIZED_AUTOS = YES_AGGRESSIVE;
				GCC_WARN_UNUSED_FUNCTION = YES;
				GCC_WARN_UNUSED_VARIABLE = YES;
				IPHONEOS_DEPLOYMENT_TARGET = 8.4;
				MTL_ENABLE_DEBUG_INFO = YES;
				ONLY_ACTIVE_ARCH = YES;
				SDKROOT = iphoneos;
				SWIFT_OPTIMIZATION_LEVEL = "-Onone";
			};
			name = Debug;
		};
		13EFCF461B96010C00C891D4 /* Release */ = {
			isa = XCBuildConfiguration;
			buildSettings = {
				ALWAYS_SEARCH_USER_PATHS = NO;
				CLANG_CXX_LANGUAGE_STANDARD = "gnu++0x";
				CLANG_CXX_LIBRARY = "libc++";
				CLANG_ENABLE_MODULES = YES;
				CLANG_ENABLE_OBJC_ARC = YES;
				CLANG_WARN_BOOL_CONVERSION = YES;
				CLANG_WARN_CONSTANT_CONVERSION = YES;
				CLANG_WARN_DIRECT_OBJC_ISA_USAGE = YES_ERROR;
				CLANG_WARN_EMPTY_BODY = YES;
				CLANG_WARN_ENUM_CONVERSION = YES;
				CLANG_WARN_INT_CONVERSION = YES;
				CLANG_WARN_OBJC_ROOT_CLASS = YES_ERROR;
				CLANG_WARN_UNREACHABLE_CODE = YES;
				CLANG_WARN__DUPLICATE_METHOD_MATCH = YES;
				"CODE_SIGN_IDENTITY[sdk=iphoneos*]" = "iPhone Developer";
				COPY_PHASE_STRIP = NO;
				DEBUG_INFORMATION_FORMAT = "dwarf-with-dsym";
				ENABLE_NS_ASSERTIONS = NO;
				ENABLE_STRICT_OBJC_MSGSEND = YES;
				GCC_C_LANGUAGE_STANDARD = gnu99;
				GCC_NO_COMMON_BLOCKS = YES;
				GCC_WARN_64_TO_32_BIT_CONVERSION = YES;
				GCC_WARN_ABOUT_RETURN_TYPE = YES_ERROR;
				GCC_WARN_UNDECLARED_SELECTOR = YES;
				GCC_WARN_UNINITIALIZED_AUTOS = YES_AGGRESSIVE;
				GCC_WARN_UNUSED_FUNCTION = YES;
				GCC_WARN_UNUSED_VARIABLE = YES;
				IPHONEOS_DEPLOYMENT_TARGET = 8.4;
				MTL_ENABLE_DEBUG_INFO = NO;
				SDKROOT = iphoneos;
				VALIDATE_PRODUCT = YES;
			};
			name = Release;
		};
		13EFCF481B96010C00C891D4 /* Debug */ = {
			isa = XCBuildConfiguration;
			buildSettings = {
				ASSETCATALOG_COMPILER_APPICON_NAME = AppIcon;
				INFOPLIST_FILE = Dali/Info.plist;
				LD_RUNPATH_SEARCH_PATHS = "$(inherited) @executable_path/Frameworks";
				PRODUCT_NAME = "$(TARGET_NAME)";
			};
			name = Debug;
		};
		13EFCF491B96010C00C891D4 /* Release */ = {
			isa = XCBuildConfiguration;
			buildSettings = {
				ASSETCATALOG_COMPILER_APPICON_NAME = AppIcon;
				INFOPLIST_FILE = Dali/Info.plist;
				LD_RUNPATH_SEARCH_PATHS = "$(inherited) @executable_path/Frameworks";
				PRODUCT_NAME = "$(TARGET_NAME)";
			};
			name = Release;
		};
		13EFCF4B1B96010C00C891D4 /* Debug */ = {
			isa = XCBuildConfiguration;
			buildSettings = {
				BUNDLE_LOADER = "$(TEST_HOST)";
				FRAMEWORK_SEARCH_PATHS = (
					"$(SDKROOT)/Developer/Library/Frameworks",
					"$(inherited)",
				);
				GCC_PREPROCESSOR_DEFINITIONS = (
					"DEBUG=1",
					"$(inherited)",
				);
				INFOPLIST_FILE = DaliTests/Info.plist;
				LD_RUNPATH_SEARCH_PATHS = "$(inherited) @executable_path/Frameworks @loader_path/Frameworks";
				PRODUCT_NAME = "$(TARGET_NAME)";
				TEST_HOST = "$(BUILT_PRODUCTS_DIR)/Dali.app/Dali";
			};
			name = Debug;
		};
		13EFCF4C1B96010C00C891D4 /* Release */ = {
			isa = XCBuildConfiguration;
			buildSettings = {
				BUNDLE_LOADER = "$(TEST_HOST)";
				FRAMEWORK_SEARCH_PATHS = (
					"$(SDKROOT)/Developer/Library/Frameworks",
					"$(inherited)",
				);
				INFOPLIST_FILE = DaliTests/Info.plist;
				LD_RUNPATH_SEARCH_PATHS = "$(inherited) @executable_path/Frameworks @loader_path/Frameworks";
				PRODUCT_NAME = "$(TARGET_NAME)";
				TEST_HOST = "$(BUILT_PRODUCTS_DIR)/Dali.app/Dali";
			};
			name = Release;
		};
/* End XCBuildConfiguration section */

/* Begin XCConfigurationList section */
		13EFCF231B96010C00C891D4 /* Build configuration list for PBXProject "Dali" */ = {
			isa = XCConfigurationList;
			buildConfigurations = (
				13EFCF451B96010C00C891D4 /* Debug */,
				13EFCF461B96010C00C891D4 /* Release */,
			);
			defaultConfigurationIsVisible = 0;
			defaultConfigurationName = Release;
		};
		13EFCF471B96010C00C891D4 /* Build configuration list for PBXNativeTarget "Dali" */ = {
			isa = XCConfigurationList;
			buildConfigurations = (
				13EFCF481B96010C00C891D4 /* Debug */,
				13EFCF491B96010C00C891D4 /* Release */,
			);
			defaultConfigurationIsVisible = 0;
		};
		13EFCF4A1B96010C00C891D4 /* Build configuration list for PBXNativeTarget "DaliTests" */ = {
			isa = XCConfigurationList;
			buildConfigurations = (
				13EFCF4B1B96010C00C891D4 /* Debug */,
				13EFCF4C1B96010C00C891D4 /* Release */,
			);
			defaultConfigurationIsVisible = 0;
		};
/* End XCConfigurationList section */
	};
	rootObject = 13EFCF201B96010C00C891D4 /* Project object */;
}
