// !$*UTF8*$!
{
	archiveVersion = 1;
	classes = {
	};
	objectVersion = 46;
	objects = {

/* Begin PBXBuildFile section */
		13A046041BCFFE93001C8D09 /* AppDelegate.swift in Sources */ = {isa = PBXBuildFile; fileRef = 13A046031BCFFE93001C8D09 /* AppDelegate.swift */; };
		13A046061BCFFE93001C8D09 /* ViewController.swift in Sources */ = {isa = PBXBuildFile; fileRef = 13A046051BCFFE93001C8D09 /* ViewController.swift */; };
		13A046091BCFFE93001C8D09 /* Main.storyboard in Resources */ = {isa = PBXBuildFile; fileRef = 13A046071BCFFE93001C8D09 /* Main.storyboard */; };
		13A0460B1BCFFE93001C8D09 /* Images.xcassets in Resources */ = {isa = PBXBuildFile; fileRef = 13A0460A1BCFFE93001C8D09 /* Images.xcassets */; };
		13A0460E1BCFFE93001C8D09 /* LaunchScreen.xib in Resources */ = {isa = PBXBuildFile; fileRef = 13A0460C1BCFFE93001C8D09 /* LaunchScreen.xib */; };
		13A0461A1BCFFE93001C8D09 /* recordAndPlayTests.swift in Sources */ = {isa = PBXBuildFile; fileRef = 13A046191BCFFE93001C8D09 /* recordAndPlayTests.swift */; };
		13A046241BCFFED8001C8D09 /* AVFoundation.framework in Frameworks */ = {isa = PBXBuildFile; fileRef = 13A046231BCFFED8001C8D09 /* AVFoundation.framework */; };
/* End PBXBuildFile section */

/* Begin PBXContainerItemProxy section */
		13A046141BCFFE93001C8D09 /* PBXContainerItemProxy */ = {
			isa = PBXContainerItemProxy;
			containerPortal = 13A045F61BCFFE93001C8D09 /* Project object */;
			proxyType = 1;
			remoteGlobalIDString = 13A045FD1BCFFE93001C8D09;
			remoteInfo = recordAndPlay;
		};
/* End PBXContainerItemProxy section */

/* Begin PBXFileReference section */
		13A045FE1BCFFE93001C8D09 /* recordAndPlay.app */ = {isa = PBXFileReference; explicitFileType = wrapper.application; includeInIndex = 0; path = recordAndPlay.app; sourceTree = BUILT_PRODUCTS_DIR; };
		13A046021BCFFE93001C8D09 /* Info.plist */ = {isa = PBXFileReference; lastKnownFileType = text.plist.xml; path = Info.plist; sourceTree = "<group>"; };
		13A046031BCFFE93001C8D09 /* AppDelegate.swift */ = {isa = PBXFileReference; lastKnownFileType = sourcecode.swift; path = AppDelegate.swift; sourceTree = "<group>"; };
		13A046051BCFFE93001C8D09 /* ViewController.swift */ = {isa = PBXFileReference; lastKnownFileType = sourcecode.swift; path = ViewController.swift; sourceTree = "<group>"; };
		13A046081BCFFE93001C8D09 /* Base */ = {isa = PBXFileReference; lastKnownFileType = file.storyboard; name = Base; path = Base.lproj/Main.storyboard; sourceTree = "<group>"; };
		13A0460A1BCFFE93001C8D09 /* Images.xcassets */ = {isa = PBXFileReference; lastKnownFileType = folder.assetcatalog; path = Images.xcassets; sourceTree = "<group>"; };
		13A0460D1BCFFE93001C8D09 /* Base */ = {isa = PBXFileReference; lastKnownFileType = file.xib; name = Base; path = Base.lproj/LaunchScreen.xib; sourceTree = "<group>"; };
		13A046131BCFFE93001C8D09 /* recordAndPlayTests.xctest */ = {isa = PBXFileReference; explicitFileType = wrapper.cfbundle; includeInIndex = 0; path = recordAndPlayTests.xctest; sourceTree = BUILT_PRODUCTS_DIR; };
		13A046181BCFFE93001C8D09 /* Info.plist */ = {isa = PBXFileReference; lastKnownFileType = text.plist.xml; path = Info.plist; sourceTree = "<group>"; };
		13A046191BCFFE93001C8D09 /* recordAndPlayTests.swift */ = {isa = PBXFileReference; lastKnownFileType = sourcecode.swift; path = recordAndPlayTests.swift; sourceTree = "<group>"; };
		13A046231BCFFED8001C8D09 /* AVFoundation.framework */ = {isa = PBXFileReference; lastKnownFileType = wrapper.framework; name = AVFoundation.framework; path = System/Library/Frameworks/AVFoundation.framework; sourceTree = SDKROOT; };
/* End PBXFileReference section */

/* Begin PBXFrameworksBuildPhase section */
		13A045FB1BCFFE93001C8D09 /* Frameworks */ = {
			isa = PBXFrameworksBuildPhase;
			buildActionMask = 2147483647;
			files = (
				13A046241BCFFED8001C8D09 /* AVFoundation.framework in Frameworks */,
			);
			runOnlyForDeploymentPostprocessing = 0;
		};
		13A046101BCFFE93001C8D09 /* Frameworks */ = {
			isa = PBXFrameworksBuildPhase;
			buildActionMask = 2147483647;
			files = (
			);
			runOnlyForDeploymentPostprocessing = 0;
		};
/* End PBXFrameworksBuildPhase section */

/* Begin PBXGroup section */
		13A045F51BCFFE93001C8D09 = {
			isa = PBXGroup;
			children = (
				13A046231BCFFED8001C8D09 /* AVFoundation.framework */,
				13A046001BCFFE93001C8D09 /* recordAndPlay */,
				13A046161BCFFE93001C8D09 /* recordAndPlayTests */,
				13A045FF1BCFFE93001C8D09 /* Products */,
			);
			sourceTree = "<group>";
		};
		13A045FF1BCFFE93001C8D09 /* Products */ = {
			isa = PBXGroup;
			children = (
				13A045FE1BCFFE93001C8D09 /* recordAndPlay.app */,
				13A046131BCFFE93001C8D09 /* recordAndPlayTests.xctest */,
			);
			name = Products;
			sourceTree = "<group>";
		};
		13A046001BCFFE93001C8D09 /* recordAndPlay */ = {
			isa = PBXGroup;
			children = (
				13A046031BCFFE93001C8D09 /* AppDelegate.swift */,
				13A046051BCFFE93001C8D09 /* ViewController.swift */,
				13A046071BCFFE93001C8D09 /* Main.storyboard */,
				13A0460A1BCFFE93001C8D09 /* Images.xcassets */,
				13A0460C1BCFFE93001C8D09 /* LaunchScreen.xib */,
				13A046011BCFFE93001C8D09 /* Supporting Files */,
			);
			path = recordAndPlay;
			sourceTree = "<group>";
		};
		13A046011BCFFE93001C8D09 /* Supporting Files */ = {
			isa = PBXGroup;
			children = (
				13A046021BCFFE93001C8D09 /* Info.plist */,
			);
			name = "Supporting Files";
			sourceTree = "<group>";
		};
		13A046161BCFFE93001C8D09 /* recordAndPlayTests */ = {
			isa = PBXGroup;
			children = (
				13A046191BCFFE93001C8D09 /* recordAndPlayTests.swift */,
				13A046171BCFFE93001C8D09 /* Supporting Files */,
			);
			path = recordAndPlayTests;
			sourceTree = "<group>";
		};
		13A046171BCFFE93001C8D09 /* Supporting Files */ = {
			isa = PBXGroup;
			children = (
				13A046181BCFFE93001C8D09 /* Info.plist */,
			);
			name = "Supporting Files";
			sourceTree = "<group>";
		};
/* End PBXGroup section */

/* Begin PBXNativeTarget section */
		13A045FD1BCFFE93001C8D09 /* recordAndPlay */ = {
			isa = PBXNativeTarget;
			buildConfigurationList = 13A0461D1BCFFE93001C8D09 /* Build configuration list for PBXNativeTarget "recordAndPlay" */;
			buildPhases = (
				13A045FA1BCFFE93001C8D09 /* Sources */,
				13A045FB1BCFFE93001C8D09 /* Frameworks */,
				13A045FC1BCFFE93001C8D09 /* Resources */,
			);
			buildRules = (
			);
			dependencies = (
			);
			name = recordAndPlay;
			productName = recordAndPlay;
			productReference = 13A045FE1BCFFE93001C8D09 /* recordAndPlay.app */;
			productType = "com.apple.product-type.application";
		};
		13A046121BCFFE93001C8D09 /* recordAndPlayTests */ = {
			isa = PBXNativeTarget;
			buildConfigurationList = 13A046201BCFFE93001C8D09 /* Build configuration list for PBXNativeTarget "recordAndPlayTests" */;
			buildPhases = (
				13A0460F1BCFFE93001C8D09 /* Sources */,
				13A046101BCFFE93001C8D09 /* Frameworks */,
				13A046111BCFFE93001C8D09 /* Resources */,
			);
			buildRules = (
			);
			dependencies = (
				13A046151BCFFE93001C8D09 /* PBXTargetDependency */,
			);
			name = recordAndPlayTests;
			productName = recordAndPlayTests;
			productReference = 13A046131BCFFE93001C8D09 /* recordAndPlayTests.xctest */;
			productType = "com.apple.product-type.bundle.unit-test";
		};
/* End PBXNativeTarget section */

/* Begin PBXProject section */
		13A045F61BCFFE93001C8D09 /* Project object */ = {
			isa = PBXProject;
			attributes = {
				LastUpgradeCheck = 0640;
				ORGANIZATIONNAME = "Andrew Linenfelser";
				TargetAttributes = {
					13A045FD1BCFFE93001C8D09 = {
						CreatedOnToolsVersion = 6.4;
					};
					13A046121BCFFE93001C8D09 = {
						CreatedOnToolsVersion = 6.4;
						TestTargetID = 13A045FD1BCFFE93001C8D09;
					};
				};
			};
			buildConfigurationList = 13A045F91BCFFE93001C8D09 /* Build configuration list for PBXProject "recordAndPlay" */;
			compatibilityVersion = "Xcode 3.2";
			developmentRegion = English;
			hasScannedForEncodings = 0;
			knownRegions = (
				en,
				Base,
			);
			mainGroup = 13A045F51BCFFE93001C8D09;
			productRefGroup = 13A045FF1BCFFE93001C8D09 /* Products */;
			projectDirPath = "";
			projectRoot = "";
			targets = (
				13A045FD1BCFFE93001C8D09 /* recordAndPlay */,
				13A046121BCFFE93001C8D09 /* recordAndPlayTests */,
			);
		};
/* End PBXProject section */

/* Begin PBXResourcesBuildPhase section */
		13A045FC1BCFFE93001C8D09 /* Resources */ = {
			isa = PBXResourcesBuildPhase;
			buildActionMask = 2147483647;
			files = (
				13A046091BCFFE93001C8D09 /* Main.storyboard in Resources */,
				13A0460E1BCFFE93001C8D09 /* LaunchScreen.xib in Resources */,
				13A0460B1BCFFE93001C8D09 /* Images.xcassets in Resources */,
			);
			runOnlyForDeploymentPostprocessing = 0;
		};
		13A046111BCFFE93001C8D09 /* Resources */ = {
			isa = PBXResourcesBuildPhase;
			buildActionMask = 2147483647;
			files = (
			);
			runOnlyForDeploymentPostprocessing = 0;
		};
/* End PBXResourcesBuildPhase section */

/* Begin PBXSourcesBuildPhase section */
		13A045FA1BCFFE93001C8D09 /* Sources */ = {
			isa = PBXSourcesBuildPhase;
			buildActionMask = 2147483647;
			files = (
				13A046061BCFFE93001C8D09 /* ViewController.swift in Sources */,
				13A046041BCFFE93001C8D09 /* AppDelegate.swift in Sources */,
			);
			runOnlyForDeploymentPostprocessing = 0;
		};
		13A0460F1BCFFE93001C8D09 /* Sources */ = {
			isa = PBXSourcesBuildPhase;
			buildActionMask = 2147483647;
			files = (
				13A0461A1BCFFE93001C8D09 /* recordAndPlayTests.swift in Sources */,
			);
			runOnlyForDeploymentPostprocessing = 0;
		};
/* End PBXSourcesBuildPhase section */

/* Begin PBXTargetDependency section */
		13A046151BCFFE93001C8D09 /* PBXTargetDependency */ = {
			isa = PBXTargetDependency;
			target = 13A045FD1BCFFE93001C8D09 /* recordAndPlay */;
			targetProxy = 13A046141BCFFE93001C8D09 /* PBXContainerItemProxy */;
		};
/* End PBXTargetDependency section */

/* Begin PBXVariantGroup section */
		13A046071BCFFE93001C8D09 /* Main.storyboard */ = {
			isa = PBXVariantGroup;
			children = (
				13A046081BCFFE93001C8D09 /* Base */,
			);
			name = Main.storyboard;
			sourceTree = "<group>";
		};
		13A0460C1BCFFE93001C8D09 /* LaunchScreen.xib */ = {
			isa = PBXVariantGroup;
			children = (
				13A0460D1BCFFE93001C8D09 /* Base */,
			);
			name = LaunchScreen.xib;
			sourceTree = "<group>";
		};
/* End PBXVariantGroup section */

/* Begin XCBuildConfiguration section */
		13A0461B1BCFFE93001C8D09 /* Debug */ = {
			isa = XCBuildConfiguration;
			buildSettings = {
				ALWAYS_SEARCH_USER_PATHS = NO;
				CLANG_CXX_LANGUAGE_STANDARD = "gnu++0x";
				CLANG_CXX_LIBRARY = "libc++";
				CLANG_ENABLE_MODULES = YES;
				CLANG_ENABLE_OBJC_ARC = YES;
				CLANG_WARN_BOOL_CONVERSION = YES;
				CLANG_WARN_CONSTANT_CONVERSION = YES;
				CLANG_WARN_DIRECT_OBJC_ISA_USAGE = YES_ERROR;
				CLANG_WARN_EMPTY_BODY = YES;
				CLANG_WARN_ENUM_CONVERSION = YES;
				CLANG_WARN_INT_CONVERSION = YES;
				CLANG_WARN_OBJC_ROOT_CLASS = YES_ERROR;
				CLANG_WARN_UNREACHABLE_CODE = YES;
				CLANG_WARN__DUPLICATE_METHOD_MATCH = YES;
				"CODE_SIGN_IDENTITY[sdk=iphoneos*]" = "iPhone Developer";
				COPY_PHASE_STRIP = NO;
				DEBUG_INFORMATION_FORMAT = "dwarf-with-dsym";
				ENABLE_STRICT_OBJC_MSGSEND = YES;
				GCC_C_LANGUAGE_STANDARD = gnu99;
				GCC_DYNAMIC_NO_PIC = NO;
				GCC_NO_COMMON_BLOCKS = YES;
				GCC_OPTIMIZATION_LEVEL = 0;
				GCC_PREPROCESSOR_DEFINITIONS = (
					"DEBUG=1",
					"$(inherited)",
				);
				GCC_SYMBOLS_PRIVATE_EXTERN = NO;
				GCC_WARN_64_TO_32_BIT_CONVERSION = YES;
				GCC_WARN_ABOUT_RETURN_TYPE = YES_ERROR;
				GCC_WARN_UNDECLARED_SELECTOR = YES;
				GCC_WARN_UNINITIALIZED_AUTOS = YES_AGGRESSIVE;
				GCC_WARN_UNUSED_FUNCTION = YES;
				GCC_WARN_UNUSED_VARIABLE = YES;
				IPHONEOS_DEPLOYMENT_TARGET = 8.4;
				MTL_ENABLE_DEBUG_INFO = YES;
				ONLY_ACTIVE_ARCH = YES;
				SDKROOT = iphoneos;
				SWIFT_OPTIMIZATION_LEVEL = "-Onone";
				TARGETED_DEVICE_FAMILY = "1,2";
			};
			name = Debug;
		};
		13A0461C1BCFFE93001C8D09 /* Release */ = {
			isa = XCBuildConfiguration;
			buildSettings = {
				ALWAYS_SEARCH_USER_PATHS = NO;
				CLANG_CXX_LANGUAGE_STANDARD = "gnu++0x";
				CLANG_CXX_LIBRARY = "libc++";
				CLANG_ENABLE_MODULES = YES;
				CLANG_ENABLE_OBJC_ARC = YES;
				CLANG_WARN_BOOL_CONVERSION = YES;
				CLANG_WARN_CONSTANT_CONVERSION = YES;
				CLANG_WARN_DIRECT_OBJC_ISA_USAGE = YES_ERROR;
				CLANG_WARN_EMPTY_BODY = YES;
				CLANG_WARN_ENUM_CONVERSION = YES;
				CLANG_WARN_INT_CONVERSION = YES;
				CLANG_WARN_OBJC_ROOT_CLASS = YES_ERROR;
				CLANG_WARN_UNREACHABLE_CODE = YES;
				CLANG_WARN__DUPLICATE_METHOD_MATCH = YES;
				"CODE_SIGN_IDENTITY[sdk=iphoneos*]" = "iPhone Developer";
				COPY_PHASE_STRIP = NO;
				DEBUG_INFORMATION_FORMAT = "dwarf-with-dsym";
				ENABLE_NS_ASSERTIONS = NO;
				ENABLE_STRICT_OBJC_MSGSEND = YES;
				GCC_C_LANGUAGE_STANDARD = gnu99;
				GCC_NO_COMMON_BLOCKS = YES;
				GCC_WARN_64_TO_32_BIT_CONVERSION = YES;
				GCC_WARN_ABOUT_RETURN_TYPE = YES_ERROR;
				GCC_WARN_UNDECLARED_SELECTOR = YES;
				GCC_WARN_UNINITIALIZED_AUTOS = YES_AGGRESSIVE;
				GCC_WARN_UNUSED_FUNCTION = YES;
				GCC_WARN_UNUSED_VARIABLE = YES;
				IPHONEOS_DEPLOYMENT_TARGET = 8.4;
				MTL_ENABLE_DEBUG_INFO = NO;
				SDKROOT = iphoneos;
				TARGETED_DEVICE_FAMILY = "1,2";
				VALIDATE_PRODUCT = YES;
			};
			name = Release;
		};
		13A0461E1BCFFE93001C8D09 /* Debug */ = {
			isa = XCBuildConfiguration;
			buildSettings = {
				ASSETCATALOG_COMPILER_APPICON_NAME = AppIcon;
				INFOPLIST_FILE = recordAndPlay/Info.plist;
				LD_RUNPATH_SEARCH_PATHS = "$(inherited) @executable_path/Frameworks";
				PRODUCT_NAME = "$(TARGET_NAME)";
			};
			name = Debug;
		};
		13A0461F1BCFFE93001C8D09 /* Release */ = {
			isa = XCBuildConfiguration;
			buildSettings = {
				ASSETCATALOG_COMPILER_APPICON_NAME = AppIcon;
				INFOPLIST_FILE = recordAndPlay/Info.plist;
				LD_RUNPATH_SEARCH_PATHS = "$(inherited) @executable_path/Frameworks";
				PRODUCT_NAME = "$(TARGET_NAME)";
			};
			name = Release;
		};
		13A046211BCFFE93001C8D09 /* Debug */ = {
			isa = XCBuildConfiguration;
			buildSettings = {
				BUNDLE_LOADER = "$(TEST_HOST)";
				FRAMEWORK_SEARCH_PATHS = (
					"$(SDKROOT)/Developer/Library/Frameworks",
					"$(inherited)",
				);
				GCC_PREPROCESSOR_DEFINITIONS = (
					"DEBUG=1",
					"$(inherited)",
				);
				INFOPLIST_FILE = recordAndPlayTests/Info.plist;
				LD_RUNPATH_SEARCH_PATHS = "$(inherited) @executable_path/Frameworks @loader_path/Frameworks";
				PRODUCT_NAME = "$(TARGET_NAME)";
				TEST_HOST = "$(BUILT_PRODUCTS_DIR)/recordAndPlay.app/recordAndPlay";
			};
			name = Debug;
		};
		13A046221BCFFE93001C8D09 /* Release */ = {
			isa = XCBuildConfiguration;
			buildSettings = {
				BUNDLE_LOADER = "$(TEST_HOST)";
				FRAMEWORK_SEARCH_PATHS = (
					"$(SDKROOT)/Developer/Library/Frameworks",
					"$(inherited)",
				);
				INFOPLIST_FILE = recordAndPlayTests/Info.plist;
				LD_RUNPATH_SEARCH_PATHS = "$(inherited) @executable_path/Frameworks @loader_path/Frameworks";
				PRODUCT_NAME = "$(TARGET_NAME)";
				TEST_HOST = "$(BUILT_PRODUCTS_DIR)/recordAndPlay.app/recordAndPlay";
			};
			name = Release;
		};
/* End XCBuildConfiguration section */

/* Begin XCConfigurationList section */
		13A045F91BCFFE93001C8D09 /* Build configuration list for PBXProject "recordAndPlay" */ = {
			isa = XCConfigurationList;
			buildConfigurations = (
				13A0461B1BCFFE93001C8D09 /* Debug */,
				13A0461C1BCFFE93001C8D09 /* Release */,
			);
			defaultConfigurationIsVisible = 0;
			defaultConfigurationName = Release;
		};
		13A0461D1BCFFE93001C8D09 /* Build configuration list for PBXNativeTarget "recordAndPlay" */ = {
			isa = XCConfigurationList;
			buildConfigurations = (
				13A0461E1BCFFE93001C8D09 /* Debug */,
				13A0461F1BCFFE93001C8D09 /* Release */,
			);
			defaultConfigurationIsVisible = 0;
		};
		13A046201BCFFE93001C8D09 /* Build configuration list for PBXNativeTarget "recordAndPlayTests" */ = {
			isa = XCConfigurationList;
			buildConfigurations = (
				13A046211BCFFE93001C8D09 /* Debug */,
				13A046221BCFFE93001C8D09 /* Release */,
			);
			defaultConfigurationIsVisible = 0;
		};
/* End XCConfigurationList section */
	};
	rootObject = 13A045F61BCFFE93001C8D09 /* Project object */;
}
