// !$*UTF8*$!
{
	archiveVersion = 1;
	classes = {
	};
	objectVersion = 46;
	objects = {

/* Begin PBXBuildFile section */
		134DE9FC1BB34B8400AA95A7 /* AppDelegate.swift in Sources */ = {isa = PBXBuildFile; fileRef = 134DE9FB1BB34B8400AA95A7 /* AppDelegate.swift */; };
		134DE9FE1BB34B8400AA95A7 /* ViewController.swift in Sources */ = {isa = PBXBuildFile; fileRef = 134DE9FD1BB34B8400AA95A7 /* ViewController.swift */; };
		134DEA011BB34B8400AA95A7 /* Main.storyboard in Resources */ = {isa = PBXBuildFile; fileRef = 134DE9FF1BB34B8400AA95A7 /* Main.storyboard */; };
		134DEA031BB34B8400AA95A7 /* Images.xcassets in Resources */ = {isa = PBXBuildFile; fileRef = 134DEA021BB34B8400AA95A7 /* Images.xcassets */; };
		134DEA061BB34B8400AA95A7 /* LaunchScreen.xib in Resources */ = {isa = PBXBuildFile; fileRef = 134DEA041BB34B8400AA95A7 /* LaunchScreen.xib */; };
		134DEA121BB34B8500AA95A7 /* iTourCUTests.swift in Sources */ = {isa = PBXBuildFile; fileRef = 134DEA111BB34B8500AA95A7 /* iTourCUTests.swift */; };
		134DEA1C1BB34CEA00AA95A7 /* MapKit.framework in Frameworks */ = {isa = PBXBuildFile; fileRef = 134DEA1B1BB34CEA00AA95A7 /* MapKit.framework */; settings = {ATTRIBUTES = (Required, ); }; };
		137D4CF51BB5F2CC0040B98B /* CoreLocation.framework in Frameworks */ = {isa = PBXBuildFile; fileRef = 137D4CF41BB5F2CC0040B98B /* CoreLocation.framework */; };
		139D4D721BB614B90065ABAC /* Place.swift in Sources */ = {isa = PBXBuildFile; fileRef = 139D4D711BB614B90065ABAC /* Place.swift */; };
/* End PBXBuildFile section */

/* Begin PBXBuildRule section */
		134DEA1D1BB3607900AA95A7 /* PBXBuildRule */ = {
			isa = PBXBuildRule;
			compilerSpec = com.apple.compilers.proxy.script;
			fileType = pattern.proxy;
			isEditable = 1;
			outputFiles = (
			);
			script = "";
		};
/* End PBXBuildRule section */

/* Begin PBXContainerItemProxy section */
		134DEA0C1BB34B8400AA95A7 /* PBXContainerItemProxy */ = {
			isa = PBXContainerItemProxy;
			containerPortal = 134DE9EE1BB34B8400AA95A7 /* Project object */;
			proxyType = 1;
			remoteGlobalIDString = 134DE9F51BB34B8400AA95A7;
			remoteInfo = iTourCU;
		};
/* End PBXContainerItemProxy section */

/* Begin PBXFileReference section */
		134DE9F61BB34B8400AA95A7 /* iTourCU.app */ = {isa = PBXFileReference; explicitFileType = wrapper.application; includeInIndex = 0; path = iTourCU.app; sourceTree = BUILT_PRODUCTS_DIR; };
		134DE9FA1BB34B8400AA95A7 /* Info.plist */ = {isa = PBXFileReference; lastKnownFileType = text.plist.xml; path = Info.plist; sourceTree = "<group>"; };
		134DE9FB1BB34B8400AA95A7 /* AppDelegate.swift */ = {isa = PBXFileReference; lastKnownFileType = sourcecode.swift; path = AppDelegate.swift; sourceTree = "<group>"; };
		134DE9FD1BB34B8400AA95A7 /* ViewController.swift */ = {isa = PBXFileReference; lastKnownFileType = sourcecode.swift; path = ViewController.swift; sourceTree = "<group>"; };
		134DEA001BB34B8400AA95A7 /* Base */ = {isa = PBXFileReference; lastKnownFileType = file.storyboard; name = Base; path = Base.lproj/Main.storyboard; sourceTree = "<group>"; };
		134DEA021BB34B8400AA95A7 /* Images.xcassets */ = {isa = PBXFileReference; lastKnownFileType = folder.assetcatalog; path = Images.xcassets; sourceTree = "<group>"; };
		134DEA051BB34B8400AA95A7 /* Base */ = {isa = PBXFileReference; lastKnownFileType = file.xib; name = Base; path = Base.lproj/LaunchScreen.xib; sourceTree = "<group>"; };
		134DEA0B1BB34B8400AA95A7 /* iTourCUTests.xctest */ = {isa = PBXFileReference; explicitFileType = wrapper.cfbundle; includeInIndex = 0; path = iTourCUTests.xctest; sourceTree = BUILT_PRODUCTS_DIR; };
		134DEA101BB34B8500AA95A7 /* Info.plist */ = {isa = PBXFileReference; lastKnownFileType = text.plist.xml; path = Info.plist; sourceTree = "<group>"; };
		134DEA111BB34B8500AA95A7 /* iTourCUTests.swift */ = {isa = PBXFileReference; lastKnownFileType = sourcecode.swift; path = iTourCUTests.swift; sourceTree = "<group>"; };
		134DEA1B1BB34CEA00AA95A7 /* MapKit.framework */ = {isa = PBXFileReference; lastKnownFileType = wrapper.framework; name = MapKit.framework; path = System/Library/Frameworks/MapKit.framework; sourceTree = SDKROOT; };
		137D4CF41BB5F2CC0040B98B /* CoreLocation.framework */ = {isa = PBXFileReference; lastKnownFileType = wrapper.framework; name = CoreLocation.framework; path = System/Library/Frameworks/CoreLocation.framework; sourceTree = SDKROOT; };
		139D4D711BB614B90065ABAC /* Place.swift */ = {isa = PBXFileReference; fileEncoding = 4; lastKnownFileType = sourcecode.swift; path = Place.swift; sourceTree = "<group>"; };
/* End PBXFileReference section */

/* Begin PBXFrameworksBuildPhase section */
		134DE9F31BB34B8400AA95A7 /* Frameworks */ = {
			isa = PBXFrameworksBuildPhase;
			buildActionMask = 2147483647;
			files = (
				137D4CF51BB5F2CC0040B98B /* CoreLocation.framework in Frameworks */,
				134DEA1C1BB34CEA00AA95A7 /* MapKit.framework in Frameworks */,
			);
			runOnlyForDeploymentPostprocessing = 0;
		};
		134DEA081BB34B8400AA95A7 /* Frameworks */ = {
			isa = PBXFrameworksBuildPhase;
			buildActionMask = 2147483647;
			files = (
			);
			runOnlyForDeploymentPostprocessing = 0;
		};
/* End PBXFrameworksBuildPhase section */

/* Begin PBXGroup section */
		134DE9ED1BB34B8400AA95A7 = {
			isa = PBXGroup;
			children = (
				137D4CF41BB5F2CC0040B98B /* CoreLocation.framework */,
				134DEA1B1BB34CEA00AA95A7 /* MapKit.framework */,
				134DE9F81BB34B8400AA95A7 /* iTourCU */,
				134DEA0E1BB34B8400AA95A7 /* iTourCUTests */,
				134DE9F71BB34B8400AA95A7 /* Products */,
			);
			sourceTree = "<group>";
		};
		134DE9F71BB34B8400AA95A7 /* Products */ = {
			isa = PBXGroup;
			children = (
				134DE9F61BB34B8400AA95A7 /* iTourCU.app */,
				134DEA0B1BB34B8400AA95A7 /* iTourCUTests.xctest */,
			);
			name = Products;
			sourceTree = "<group>";
		};
		134DE9F81BB34B8400AA95A7 /* iTourCU */ = {
			isa = PBXGroup;
			children = (
				134DE9FB1BB34B8400AA95A7 /* AppDelegate.swift */,
				134DE9FD1BB34B8400AA95A7 /* ViewController.swift */,
				134DE9FF1BB34B8400AA95A7 /* Main.storyboard */,
				139D4D711BB614B90065ABAC /* Place.swift */,
				134DEA021BB34B8400AA95A7 /* Images.xcassets */,
				134DEA041BB34B8400AA95A7 /* LaunchScreen.xib */,
				134DE9F91BB34B8400AA95A7 /* Supporting Files */,
			);
			path = iTourCU;
			sourceTree = "<group>";
		};
		134DE9F91BB34B8400AA95A7 /* Supporting Files */ = {
			isa = PBXGroup;
			children = (
				134DE9FA1BB34B8400AA95A7 /* Info.plist */,
			);
			name = "Supporting Files";
			sourceTree = "<group>";
		};
		134DEA0E1BB34B8400AA95A7 /* iTourCUTests */ = {
			isa = PBXGroup;
			children = (
				134DEA111BB34B8500AA95A7 /* iTourCUTests.swift */,
				134DEA0F1BB34B8500AA95A7 /* Supporting Files */,
			);
			path = iTourCUTests;
			sourceTree = "<group>";
		};
		134DEA0F1BB34B8500AA95A7 /* Supporting Files */ = {
			isa = PBXGroup;
			children = (
				134DEA101BB34B8500AA95A7 /* Info.plist */,
			);
			name = "Supporting Files";
			sourceTree = "<group>";
		};
/* End PBXGroup section */

/* Begin PBXNativeTarget section */
		134DE9F51BB34B8400AA95A7 /* iTourCU */ = {
			isa = PBXNativeTarget;
			buildConfigurationList = 134DEA151BB34B8500AA95A7 /* Build configuration list for PBXNativeTarget "iTourCU" */;
			buildPhases = (
				134DE9F21BB34B8400AA95A7 /* Sources */,
				134DE9F31BB34B8400AA95A7 /* Frameworks */,
				134DE9F41BB34B8400AA95A7 /* Resources */,
			);
			buildRules = (
				134DEA1D1BB3607900AA95A7 /* PBXBuildRule */,
			);
			dependencies = (
			);
			name = iTourCU;
			productName = iTourCU;
			productReference = 134DE9F61BB34B8400AA95A7 /* iTourCU.app */;
			productType = "com.apple.product-type.application";
		};
		134DEA0A1BB34B8400AA95A7 /* iTourCUTests */ = {
			isa = PBXNativeTarget;
			buildConfigurationList = 134DEA181BB34B8500AA95A7 /* Build configuration list for PBXNativeTarget "iTourCUTests" */;
			buildPhases = (
				134DEA071BB34B8400AA95A7 /* Sources */,
				134DEA081BB34B8400AA95A7 /* Frameworks */,
				134DEA091BB34B8400AA95A7 /* Resources */,
			);
			buildRules = (
			);
			dependencies = (
				134DEA0D1BB34B8400AA95A7 /* PBXTargetDependency */,
			);
			name = iTourCUTests;
			productName = iTourCUTests;
			productReference = 134DEA0B1BB34B8400AA95A7 /* iTourCUTests.xctest */;
			productType = "com.apple.product-type.bundle.unit-test";
		};
/* End PBXNativeTarget section */

/* Begin PBXProject section */
		134DE9EE1BB34B8400AA95A7 /* Project object */ = {
			isa = PBXProject;
			attributes = {
				LastUpgradeCheck = 0640;
				ORGANIZATIONNAME = "Andrew Linenfelser";
				TargetAttributes = {
					134DE9F51BB34B8400AA95A7 = {
						CreatedOnToolsVersion = 6.4;
						SystemCapabilities = {
							com.apple.Maps.iOS = {
								enabled = 1;
							};
						};
					};
					134DEA0A1BB34B8400AA95A7 = {
						CreatedOnToolsVersion = 6.4;
						TestTargetID = 134DE9F51BB34B8400AA95A7;
					};
				};
			};
			buildConfigurationList = 134DE9F11BB34B8400AA95A7 /* Build configuration list for PBXProject "iTourCU" */;
			compatibilityVersion = "Xcode 3.2";
			developmentRegion = English;
			hasScannedForEncodings = 0;
			knownRegions = (
				en,
				Base,
			);
			mainGroup = 134DE9ED1BB34B8400AA95A7;
			productRefGroup = 134DE9F71BB34B8400AA95A7 /* Products */;
			projectDirPath = "";
			projectRoot = "";
			targets = (
				134DE9F51BB34B8400AA95A7 /* iTourCU */,
				134DEA0A1BB34B8400AA95A7 /* iTourCUTests */,
			);
		};
/* End PBXProject section */

/* Begin PBXResourcesBuildPhase section */
		134DE9F41BB34B8400AA95A7 /* Resources */ = {
			isa = PBXResourcesBuildPhase;
			buildActionMask = 2147483647;
			files = (
				134DEA011BB34B8400AA95A7 /* Main.storyboard in Resources */,
				134DEA061BB34B8400AA95A7 /* LaunchScreen.xib in Resources */,
				134DEA031BB34B8400AA95A7 /* Images.xcassets in Resources */,
			);
			runOnlyForDeploymentPostprocessing = 0;
		};
		134DEA091BB34B8400AA95A7 /* Resources */ = {
			isa = PBXResourcesBuildPhase;
			buildActionMask = 2147483647;
			files = (
			);
			runOnlyForDeploymentPostprocessing = 0;
		};
/* End PBXResourcesBuildPhase section */

/* Begin PBXSourcesBuildPhase section */
		134DE9F21BB34B8400AA95A7 /* Sources */ = {
			isa = PBXSourcesBuildPhase;
			buildActionMask = 2147483647;
			files = (
				139D4D721BB614B90065ABAC /* Place.swift in Sources */,
				134DE9FE1BB34B8400AA95A7 /* ViewController.swift in Sources */,
				134DE9FC1BB34B8400AA95A7 /* AppDelegate.swift in Sources */,
			);
			runOnlyForDeploymentPostprocessing = 0;
		};
		134DEA071BB34B8400AA95A7 /* Sources */ = {
			isa = PBXSourcesBuildPhase;
			buildActionMask = 2147483647;
			files = (
				134DEA121BB34B8500AA95A7 /* iTourCUTests.swift in Sources */,
			);
			runOnlyForDeploymentPostprocessing = 0;
		};
/* End PBXSourcesBuildPhase section */

/* Begin PBXTargetDependency section */
		134DEA0D1BB34B8400AA95A7 /* PBXTargetDependency */ = {
			isa = PBXTargetDependency;
			target = 134DE9F51BB34B8400AA95A7 /* iTourCU */;
			targetProxy = 134DEA0C1BB34B8400AA95A7 /* PBXContainerItemProxy */;
		};
/* End PBXTargetDependency section */

/* Begin PBXVariantGroup section */
		134DE9FF1BB34B8400AA95A7 /* Main.storyboard */ = {
			isa = PBXVariantGroup;
			children = (
				134DEA001BB34B8400AA95A7 /* Base */,
			);
			name = Main.storyboard;
			sourceTree = "<group>";
		};
		134DEA041BB34B8400AA95A7 /* LaunchScreen.xib */ = {
			isa = PBXVariantGroup;
			children = (
				134DEA051BB34B8400AA95A7 /* Base */,
			);
			name = LaunchScreen.xib;
			sourceTree = "<group>";
		};
/* End PBXVariantGroup section */

/* Begin XCBuildConfiguration section */
		134DEA131BB34B8500AA95A7 /* Debug */ = {
			isa = XCBuildConfiguration;
			buildSettings = {
				ALWAYS_SEARCH_USER_PATHS = NO;
				CLANG_CXX_LANGUAGE_STANDARD = "gnu++0x";
				CLANG_CXX_LIBRARY = "libc++";
				CLANG_ENABLE_MODULES = YES;
				CLANG_ENABLE_OBJC_ARC = YES;
				CLANG_WARN_BOOL_CONVERSION = YES;
				CLANG_WARN_CONSTANT_CONVERSION = YES;
				CLANG_WARN_DIRECT_OBJC_ISA_USAGE = YES_ERROR;
				CLANG_WARN_EMPTY_BODY = YES;
				CLANG_WARN_ENUM_CONVERSION = YES;
				CLANG_WARN_INT_CONVERSION = YES;
				CLANG_WARN_OBJC_ROOT_CLASS = YES_ERROR;
				CLANG_WARN_UNREACHABLE_CODE = YES;
				CLANG_WARN__DUPLICATE_METHOD_MATCH = YES;
				"CODE_SIGN_IDENTITY[sdk=iphoneos*]" = "iPhone Developer";
				COPY_PHASE_STRIP = NO;
				DEBUG_INFORMATION_FORMAT = "dwarf-with-dsym";
				ENABLE_STRICT_OBJC_MSGSEND = YES;
				GCC_C_LANGUAGE_STANDARD = gnu99;
				GCC_DYNAMIC_NO_PIC = NO;
				GCC_NO_COMMON_BLOCKS = YES;
				GCC_OPTIMIZATION_LEVEL = 0;
				GCC_PREPROCESSOR_DEFINITIONS = (
					"DEBUG=1",
					"$(inherited)",
				);
				GCC_SYMBOLS_PRIVATE_EXTERN = NO;
				GCC_WARN_64_TO_32_BIT_CONVERSION = YES;
				GCC_WARN_ABOUT_RETURN_TYPE = YES_ERROR;
				GCC_WARN_UNDECLARED_SELECTOR = YES;
				GCC_WARN_UNINITIALIZED_AUTOS = YES_AGGRESSIVE;
				GCC_WARN_UNUSED_FUNCTION = YES;
				GCC_WARN_UNUSED_VARIABLE = YES;
				IPHONEOS_DEPLOYMENT_TARGET = 8.4;
				MTL_ENABLE_DEBUG_INFO = YES;
				ONLY_ACTIVE_ARCH = YES;
				SDKROOT = iphoneos;
				SWIFT_OPTIMIZATION_LEVEL = "-Onone";
			};
			name = Debug;
		};
		134DEA141BB34B8500AA95A7 /* Release */ = {
			isa = XCBuildConfiguration;
			buildSettings = {
				ALWAYS_SEARCH_USER_PATHS = NO;
				CLANG_CXX_LANGUAGE_STANDARD = "gnu++0x";
				CLANG_CXX_LIBRARY = "libc++";
				CLANG_ENABLE_MODULES = YES;
				CLANG_ENABLE_OBJC_ARC = YES;
				CLANG_WARN_BOOL_CONVERSION = YES;
				CLANG_WARN_CONSTANT_CONVERSION = YES;
				CLANG_WARN_DIRECT_OBJC_ISA_USAGE = YES_ERROR;
				CLANG_WARN_EMPTY_BODY = YES;
				CLANG_WARN_ENUM_CONVERSION = YES;
				CLANG_WARN_INT_CONVERSION = YES;
				CLANG_WARN_OBJC_ROOT_CLASS = YES_ERROR;
				CLANG_WARN_UNREACHABLE_CODE = YES;
				CLANG_WARN__DUPLICATE_METHOD_MATCH = YES;
				"CODE_SIGN_IDENTITY[sdk=iphoneos*]" = "iPhone Developer";
				COPY_PHASE_STRIP = NO;
				DEBUG_INFORMATION_FORMAT = "dwarf-with-dsym";
				ENABLE_NS_ASSERTIONS = NO;
				ENABLE_STRICT_OBJC_MSGSEND = YES;
				GCC_C_LANGUAGE_STANDARD = gnu99;
				GCC_NO_COMMON_BLOCKS = YES;
				GCC_WARN_64_TO_32_BIT_CONVERSION = YES;
				GCC_WARN_ABOUT_RETURN_TYPE = YES_ERROR;
				GCC_WARN_UNDECLARED_SELECTOR = YES;
				GCC_WARN_UNINITIALIZED_AUTOS = YES_AGGRESSIVE;
				GCC_WARN_UNUSED_FUNCTION = YES;
				GCC_WARN_UNUSED_VARIABLE = YES;
				IPHONEOS_DEPLOYMENT_TARGET = 8.4;
				MTL_ENABLE_DEBUG_INFO = NO;
				SDKROOT = iphoneos;
				VALIDATE_PRODUCT = YES;
			};
			name = Release;
		};
		134DEA161BB34B8500AA95A7 /* Debug */ = {
			isa = XCBuildConfiguration;
			buildSettings = {
				ASSETCATALOG_COMPILER_APPICON_NAME = AppIcon;
				INFOPLIST_FILE = iTourCU/Info.plist;
				LD_RUNPATH_SEARCH_PATHS = "$(inherited) @executable_path/Frameworks";
				PRODUCT_NAME = "$(TARGET_NAME)";
			};
			name = Debug;
		};
		134DEA171BB34B8500AA95A7 /* Release */ = {
			isa = XCBuildConfiguration;
			buildSettings = {
				ASSETCATALOG_COMPILER_APPICON_NAME = AppIcon;
				INFOPLIST_FILE = iTourCU/Info.plist;
				LD_RUNPATH_SEARCH_PATHS = "$(inherited) @executable_path/Frameworks";
				PRODUCT_NAME = "$(TARGET_NAME)";
			};
			name = Release;
		};
		134DEA191BB34B8500AA95A7 /* Debug */ = {
			isa = XCBuildConfiguration;
			buildSettings = {
				BUNDLE_LOADER = "$(TEST_HOST)";
				FRAMEWORK_SEARCH_PATHS = (
					"$(SDKROOT)/Developer/Library/Frameworks",
					"$(inherited)",
				);
				GCC_PREPROCESSOR_DEFINITIONS = (
					"DEBUG=1",
					"$(inherited)",
				);
				INFOPLIST_FILE = iTourCUTests/Info.plist;
				LD_RUNPATH_SEARCH_PATHS = "$(inherited) @executable_path/Frameworks @loader_path/Frameworks";
				PRODUCT_NAME = "$(TARGET_NAME)";
				TEST_HOST = "$(BUILT_PRODUCTS_DIR)/iTourCU.app/iTourCU";
			};
			name = Debug;
		};
		134DEA1A1BB34B8500AA95A7 /* Release */ = {
			isa = XCBuildConfiguration;
			buildSettings = {
				BUNDLE_LOADER = "$(TEST_HOST)";
				FRAMEWORK_SEARCH_PATHS = (
					"$(SDKROOT)/Developer/Library/Frameworks",
					"$(inherited)",
				);
				INFOPLIST_FILE = iTourCUTests/Info.plist;
				LD_RUNPATH_SEARCH_PATHS = "$(inherited) @executable_path/Frameworks @loader_path/Frameworks";
				PRODUCT_NAME = "$(TARGET_NAME)";
				TEST_HOST = "$(BUILT_PRODUCTS_DIR)/iTourCU.app/iTourCU";
			};
			name = Release;
		};
/* End XCBuildConfiguration section */

/* Begin XCConfigurationList section */
		134DE9F11BB34B8400AA95A7 /* Build configuration list for PBXProject "iTourCU" */ = {
			isa = XCConfigurationList;
			buildConfigurations = (
				134DEA131BB34B8500AA95A7 /* Debug */,
				134DEA141BB34B8500AA95A7 /* Release */,
			);
			defaultConfigurationIsVisible = 0;
			defaultConfigurationName = Release;
		};
		134DEA151BB34B8500AA95A7 /* Build configuration list for PBXNativeTarget "iTourCU" */ = {
			isa = XCConfigurationList;
			buildConfigurations = (
				134DEA161BB34B8500AA95A7 /* Debug */,
				134DEA171BB34B8500AA95A7 /* Release */,
			);
			defaultConfigurationIsVisible = 0;
			defaultConfigurationName = Release;
		};
		134DEA181BB34B8500AA95A7 /* Build configuration list for PBXNativeTarget "iTourCUTests" */ = {
			isa = XCConfigurationList;
			buildConfigurations = (
				134DEA191BB34B8500AA95A7 /* Debug */,
				134DEA1A1BB34B8500AA95A7 /* Release */,
			);
			defaultConfigurationIsVisible = 0;
			defaultConfigurationName = Release;
		};
/* End XCConfigurationList section */
	};
	rootObject = 134DE9EE1BB34B8400AA95A7 /* Project object */;
}
